// !$*UTF8*$!
{
	archiveVersion = 1;
	classes = {
	};
	objectVersion = 46;
	objects = {

/* Begin PBXBuildFile section */
		A91B4B4B1A815709001A0427 /* AudioToolbox.framework in Frameworks */ = {isa = PBXBuildFile; fileRef = A91B4B4A1A815709001A0427 /* AudioToolbox.framework */; };
		A91B4B4F1A815744001A0427 /* MobileCoreServices.framework in Frameworks */ = {isa = PBXBuildFile; fileRef = A91B4B4E1A815744001A0427 /* MobileCoreServices.framework */; };
		A91B4B511A815759001A0427 /* SystemConfiguration.framework in Frameworks */ = {isa = PBXBuildFile; fileRef = A91B4B501A815759001A0427 /* SystemConfiguration.framework */; };
		A91B4B531A815777001A0427 /* libsqlite3.dylib in Frameworks */ = {isa = PBXBuildFile; fileRef = A91B4B521A815777001A0427 /* libsqlite3.dylib */; };
		A91B4B561A815B75001A0427 /* FeedData.swift in Sources */ = {isa = PBXBuildFile; fileRef = A91B4B551A815B75001A0427 /* FeedData.swift */; };
		A91B4B571A825FB2001A0427 /* Parse.framework in Frameworks */ = {isa = PBXBuildFile; fileRef = A94B052D1A815481008FAFBC /* Parse.framework */; };
		A91B4B591A83B40F001A0427 /* FeedCell.swift in Sources */ = {isa = PBXBuildFile; fileRef = A91B4B581A83B40F001A0427 /* FeedCell.swift */; };
		A91B4B5B1A83CF32001A0427 /* FourSquareRequest.swift in Sources */ = {isa = PBXBuildFile; fileRef = A91B4B5A1A83CF32001A0427 /* FourSquareRequest.swift */; };
		A91B4B5D1A83CFBB001A0427 /* VenuesTableViewController.swift in Sources */ = {isa = PBXBuildFile; fileRef = A91B4B5C1A83CFBB001A0427 /* VenuesTableViewController.swift */; };
		A94B04FF1A810FAF008FAFBC /* AppDelegate.swift in Sources */ = {isa = PBXBuildFile; fileRef = A94B04FE1A810FAF008FAFBC /* AppDelegate.swift */; };
		A94B05011A810FAF008FAFBC /* LoginViewController.swift in Sources */ = {isa = PBXBuildFile; fileRef = A94B05001A810FAF008FAFBC /* LoginViewController.swift */; };
		A94B05041A810FAF008FAFBC /* Main.storyboard in Resources */ = {isa = PBXBuildFile; fileRef = A94B05021A810FAF008FAFBC /* Main.storyboard */; };
		A94B05061A810FAF008FAFBC /* Images.xcassets in Resources */ = {isa = PBXBuildFile; fileRef = A94B05051A810FAF008FAFBC /* Images.xcassets */; };
		A94B05091A810FAF008FAFBC /* LaunchScreen.xib in Resources */ = {isa = PBXBuildFile; fileRef = A94B05071A810FAF008FAFBC /* LaunchScreen.xib */; };
		A94B05151A810FAF008FAFBC /* Sit_FitTests.swift in Sources */ = {isa = PBXBuildFile; fileRef = A94B05141A810FAF008FAFBC /* Sit_FitTests.swift */; };
		A94B05221A811763008FAFBC /* NewSeat.storyboard in Resources */ = {isa = PBXBuildFile; fileRef = A94B05201A811763008FAFBC /* NewSeat.storyboard */; };
		A94B05261A813101008FAFBC /* FeedTableViewController.swift in Sources */ = {isa = PBXBuildFile; fileRef = A94B05251A813101008FAFBC /* FeedTableViewController.swift */; };
		A94B05281A81313D008FAFBC /* MyFeedTableViewController.swift in Sources */ = {isa = PBXBuildFile; fileRef = A94B05271A81313D008FAFBC /* MyFeedTableViewController.swift */; };
		A94B052A1A815208008FAFBC /* NewSeatViewController.swift in Sources */ = {isa = PBXBuildFile; fileRef = A94B05291A815208008FAFBC /* NewSeatViewController.swift */; };
		A94B05311A815481008FAFBC /* Bolts.framework in Frameworks */ = {isa = PBXBuildFile; fileRef = A94B052C1A815481008FAFBC /* Bolts.framework */; };
		A94B05331A815481008FAFBC /* ParseCrashReporting.framework in Frameworks */ = {isa = PBXBuildFile; fileRef = A94B052E1A815481008FAFBC /* ParseCrashReporting.framework */; };
		A94B05341A815481008FAFBC /* ParseFacebookUtils.framework in Frameworks */ = {isa = PBXBuildFile; fileRef = A94B052F1A815481008FAFBC /* ParseFacebookUtils.framework */; };
		A94B05351A815481008FAFBC /* ParseUI.framework in Frameworks */ = {isa = PBXBuildFile; fileRef = A94B05301A815481008FAFBC /* ParseUI.framework */; };
		A99D76611A83FB0E00D4011A /* MapViewController.swift in Sources */ = {isa = PBXBuildFile; fileRef = A99D76601A83FB0E00D4011A /* MapViewController.swift */; };
/* End PBXBuildFile section */

/* Begin PBXContainerItemProxy section */
		A94B050F1A810FAF008FAFBC /* PBXContainerItemProxy */ = {
			isa = PBXContainerItemProxy;
			containerPortal = A94B04F11A810FAF008FAFBC /* Project object */;
			proxyType = 1;
			remoteGlobalIDString = A94B04F81A810FAF008FAFBC;
			remoteInfo = "Sit Fit";
		};
/* End PBXContainerItemProxy section */

/* Begin PBXFileReference section */
		A91B4B4A1A815709001A0427 /* AudioToolbox.framework */ = {isa = PBXFileReference; lastKnownFileType = wrapper.framework; name = AudioToolbox.framework; path = System/Library/Frameworks/AudioToolbox.framework; sourceTree = SDKROOT; };
		A91B4B4C1A81572F001A0427 /* CFNetwork.framework */ = {isa = PBXFileReference; lastKnownFileType = wrapper.framework; name = CFNetwork.framework; path = System/Library/Frameworks/CFNetwork.framework; sourceTree = SDKROOT; };
		A91B4B4E1A815744001A0427 /* MobileCoreServices.framework */ = {isa = PBXFileReference; lastKnownFileType = wrapper.framework; name = MobileCoreServices.framework; path = System/Library/Frameworks/MobileCoreServices.framework; sourceTree = SDKROOT; };
		A91B4B501A815759001A0427 /* SystemConfiguration.framework */ = {isa = PBXFileReference; lastKnownFileType = wrapper.framework; name = SystemConfiguration.framework; path = System/Library/Frameworks/SystemConfiguration.framework; sourceTree = SDKROOT; };
		A91B4B521A815777001A0427 /* libsqlite3.dylib */ = {isa = PBXFileReference; lastKnownFileType = "compiled.mach-o.dylib"; name = libsqlite3.dylib; path = usr/lib/libsqlite3.dylib; sourceTree = SDKROOT; };
		A91B4B551A815B75001A0427 /* FeedData.swift */ = {isa = PBXFileReference; fileEncoding = 4; lastKnownFileType = sourcecode.swift; path = FeedData.swift; sourceTree = "<group>"; };
		A91B4B581A83B40F001A0427 /* FeedCell.swift */ = {isa = PBXFileReference; fileEncoding = 4; lastKnownFileType = sourcecode.swift; path = FeedCell.swift; sourceTree = "<group>"; };
		A91B4B5A1A83CF32001A0427 /* FourSquareRequest.swift */ = {isa = PBXFileReference; fileEncoding = 4; lastKnownFileType = sourcecode.swift; path = FourSquareRequest.swift; sourceTree = "<group>"; };
		A91B4B5C1A83CFBB001A0427 /* VenuesTableViewController.swift */ = {isa = PBXFileReference; fileEncoding = 4; lastKnownFileType = sourcecode.swift; path = VenuesTableViewController.swift; sourceTree = "<group>"; };
		A94B04F91A810FAF008FAFBC /* Sit Fit.app */ = {isa = PBXFileReference; explicitFileType = wrapper.application; includeInIndex = 0; path = "Sit Fit.app"; sourceTree = BUILT_PRODUCTS_DIR; };
		A94B04FD1A810FAF008FAFBC /* Info.plist */ = {isa = PBXFileReference; lastKnownFileType = text.plist.xml; path = Info.plist; sourceTree = "<group>"; };
		A94B04FE1A810FAF008FAFBC /* AppDelegate.swift */ = {isa = PBXFileReference; lastKnownFileType = sourcecode.swift; path = AppDelegate.swift; sourceTree = "<group>"; };
		A94B05001A810FAF008FAFBC /* LoginViewController.swift */ = {isa = PBXFileReference; lastKnownFileType = sourcecode.swift; path = LoginViewController.swift; sourceTree = "<group>"; };
		A94B05031A810FAF008FAFBC /* Base */ = {isa = PBXFileReference; lastKnownFileType = file.storyboard; name = Base; path = Base.lproj/Main.storyboard; sourceTree = "<group>"; };
		A94B05051A810FAF008FAFBC /* Images.xcassets */ = {isa = PBXFileReference; lastKnownFileType = folder.assetcatalog; path = Images.xcassets; sourceTree = "<group>"; };
		A94B05081A810FAF008FAFBC /* Base */ = {isa = PBXFileReference; lastKnownFileType = file.xib; name = Base; path = Base.lproj/LaunchScreen.xib; sourceTree = "<group>"; };
		A94B050E1A810FAF008FAFBC /* Sit FitTests.xctest */ = {isa = PBXFileReference; explicitFileType = wrapper.cfbundle; includeInIndex = 0; path = "Sit FitTests.xctest"; sourceTree = BUILT_PRODUCTS_DIR; };
		A94B05131A810FAF008FAFBC /* Info.plist */ = {isa = PBXFileReference; lastKnownFileType = text.plist.xml; path = Info.plist; sourceTree = "<group>"; };
		A94B05141A810FAF008FAFBC /* Sit_FitTests.swift */ = {isa = PBXFileReference; lastKnownFileType = sourcecode.swift; path = Sit_FitTests.swift; sourceTree = "<group>"; };
		A94B051E1A811165008FAFBC /* Architecture.md */ = {isa = PBXFileReference; fileEncoding = 4; lastKnownFileType = net.daringfireball.markdown; path = Architecture.md; sourceTree = "<group>"; };
		A94B05211A811763008FAFBC /* Base */ = {isa = PBXFileReference; lastKnownFileType = file.storyboard; name = Base; path = Base.lproj/NewSeat.storyboard; sourceTree = "<group>"; };
		A94B05251A813101008FAFBC /* FeedTableViewController.swift */ = {isa = PBXFileReference; fileEncoding = 4; lastKnownFileType = sourcecode.swift; path = FeedTableViewController.swift; sourceTree = "<group>"; };
		A94B05271A81313D008FAFBC /* MyFeedTableViewController.swift */ = {isa = PBXFileReference; fileEncoding = 4; lastKnownFileType = sourcecode.swift; path = MyFeedTableViewController.swift; sourceTree = "<group>"; };
		A94B05291A815208008FAFBC /* NewSeatViewController.swift */ = {isa = PBXFileReference; fileEncoding = 4; lastKnownFileType = sourcecode.swift; path = NewSeatViewController.swift; sourceTree = "<group>"; };
		A94B052C1A815481008FAFBC /* Bolts.framework */ = {isa = PBXFileReference; lastKnownFileType = wrapper.framework; path = Bolts.framework; sourceTree = "<group>"; };
		A94B052D1A815481008FAFBC /* Parse.framework */ = {isa = PBXFileReference; lastKnownFileType = wrapper.framework; path = Parse.framework; sourceTree = "<group>"; };
		A94B052E1A815481008FAFBC /* ParseCrashReporting.framework */ = {isa = PBXFileReference; lastKnownFileType = wrapper.framework; path = ParseCrashReporting.framework; sourceTree = "<group>"; };
		A94B052F1A815481008FAFBC /* ParseFacebookUtils.framework */ = {isa = PBXFileReference; lastKnownFileType = wrapper.framework; path = ParseFacebookUtils.framework; sourceTree = "<group>"; };
		A94B05301A815481008FAFBC /* ParseUI.framework */ = {isa = PBXFileReference; lastKnownFileType = wrapper.framework; path = ParseUI.framework; sourceTree = "<group>"; };
		A94B05361A815500008FAFBC /* Sit Fit-Bridging-Header.h */ = {isa = PBXFileReference; lastKnownFileType = sourcecode.c.h; path = "Sit Fit-Bridging-Header.h"; sourceTree = "<group>"; };
		A99D76601A83FB0E00D4011A /* MapViewController.swift */ = {isa = PBXFileReference; fileEncoding = 4; lastKnownFileType = sourcecode.swift; path = MapViewController.swift; sourceTree = "<group>"; };
/* End PBXFileReference section */

/* Begin PBXFrameworksBuildPhase section */
		A94B04F61A810FAF008FAFBC /* Frameworks */ = {
			isa = PBXFrameworksBuildPhase;
			buildActionMask = 2147483647;
			files = (
				A91B4B531A815777001A0427 /* libsqlite3.dylib in Frameworks */,
				A91B4B571A825FB2001A0427 /* Parse.framework in Frameworks */,
				A91B4B511A815759001A0427 /* SystemConfiguration.framework in Frameworks */,
				A91B4B4F1A815744001A0427 /* MobileCoreServices.framework in Frameworks */,
				A91B4B4B1A815709001A0427 /* AudioToolbox.framework in Frameworks */,
				A94B05331A815481008FAFBC /* ParseCrashReporting.framework in Frameworks */,
				A94B05351A815481008FAFBC /* ParseUI.framework in Frameworks */,
				A94B05341A815481008FAFBC /* ParseFacebookUtils.framework in Frameworks */,
				A94B05311A815481008FAFBC /* Bolts.framework in Frameworks */,
			);
			runOnlyForDeploymentPostprocessing = 0;
		};
		A94B050B1A810FAF008FAFBC /* Frameworks */ = {
			isa = PBXFrameworksBuildPhase;
			buildActionMask = 2147483647;
			files = (
			);
			runOnlyForDeploymentPostprocessing = 0;
		};
/* End PBXFrameworksBuildPhase section */

/* Begin PBXGroup section */
		A91B4B541A815B13001A0427 /* Models */ = {
			isa = PBXGroup;
			children = (
				A91B4B551A815B75001A0427 /* FeedData.swift */,
				A91B4B5A1A83CF32001A0427 /* FourSquareRequest.swift */,
			);
			name = Models;
			sourceTree = "<group>";
		};
		A94B04F01A810FAF008FAFBC = {
			isa = PBXGroup;
			children = (
				A94B04FB1A810FAF008FAFBC /* Sit Fit */,
				A94B05111A810FAF008FAFBC /* Sit FitTests */,
				A94B04FA1A810FAF008FAFBC /* Products */,
				A94B052B1A815429008FAFBC /* Frameworks */,
			);
			sourceTree = "<group>";
		};
		A94B04FA1A810FAF008FAFBC /* Products */ = {
			isa = PBXGroup;
			children = (
				A94B04F91A810FAF008FAFBC /* Sit Fit.app */,
				A94B050E1A810FAF008FAFBC /* Sit FitTests.xctest */,
			);
			name = Products;
			sourceTree = "<group>";
		};
		A94B04FB1A810FAF008FAFBC /* Sit Fit */ = {
			isa = PBXGroup;
			children = (
				A91B4B541A815B13001A0427 /* Models */,
				A94B05231A813056008FAFBC /* Main Feeds & Login */,
				A94B05241A81306E008FAFBC /* New Seat */,
				A94B04FC1A810FAF008FAFBC /* Supporting Files */,
				A94B051E1A811165008FAFBC /* Architecture.md */,
				A94B05361A815500008FAFBC /* Sit Fit-Bridging-Header.h */,
			);
			path = "Sit Fit";
			sourceTree = "<group>";
		};
		A94B04FC1A810FAF008FAFBC /* Supporting Files */ = {
			isa = PBXGroup;
			children = (
				A94B04FE1A810FAF008FAFBC /* AppDelegate.swift */,
				A94B05051A810FAF008FAFBC /* Images.xcassets */,
				A94B05071A810FAF008FAFBC /* LaunchScreen.xib */,
				A94B04FD1A810FAF008FAFBC /* Info.plist */,
			);
			name = "Supporting Files";
			sourceTree = "<group>";
		};
		A94B05111A810FAF008FAFBC /* Sit FitTests */ = {
			isa = PBXGroup;
			children = (
				A94B05141A810FAF008FAFBC /* Sit_FitTests.swift */,
				A94B05121A810FAF008FAFBC /* Supporting Files */,
			);
			path = "Sit FitTests";
			sourceTree = "<group>";
		};
		A94B05121A810FAF008FAFBC /* Supporting Files */ = {
			isa = PBXGroup;
			children = (
				A94B05131A810FAF008FAFBC /* Info.plist */,
			);
			name = "Supporting Files";
			sourceTree = "<group>";
		};
		A94B05231A813056008FAFBC /* Main Feeds & Login */ = {
			isa = PBXGroup;
			children = (
				A94B05021A810FAF008FAFBC /* Main.storyboard */,
				A94B05001A810FAF008FAFBC /* LoginViewController.swift */,
				A94B05251A813101008FAFBC /* FeedTableViewController.swift */,
				A94B05271A81313D008FAFBC /* MyFeedTableViewController.swift */,
				A91B4B581A83B40F001A0427 /* FeedCell.swift */,
				A99D76601A83FB0E00D4011A /* MapViewController.swift */,
			);
			name = "Main Feeds & Login";
			sourceTree = "<group>";
		};
		A94B05241A81306E008FAFBC /* New Seat */ = {
			isa = PBXGroup;
			children = (
				A94B05201A811763008FAFBC /* NewSeat.storyboard */,
				A94B05291A815208008FAFBC /* NewSeatViewController.swift */,
				A91B4B5C1A83CFBB001A0427 /* VenuesTableViewController.swift */,
			);
			name = "New Seat";
			sourceTree = "<group>";
		};
		A94B052B1A815429008FAFBC /* Frameworks */ = {
			isa = PBXGroup;
			children = (
				A91B4B521A815777001A0427 /* libsqlite3.dylib */,
				A91B4B501A815759001A0427 /* SystemConfiguration.framework */,
				A91B4B4E1A815744001A0427 /* MobileCoreServices.framework */,
				A91B4B4C1A81572F001A0427 /* CFNetwork.framework */,
				A91B4B4A1A815709001A0427 /* AudioToolbox.framework */,
				A94B052C1A815481008FAFBC /* Bolts.framework */,
				A94B052D1A815481008FAFBC /* Parse.framework */,
				A94B052E1A815481008FAFBC /* ParseCrashReporting.framework */,
				A94B052F1A815481008FAFBC /* ParseFacebookUtils.framework */,
				A94B05301A815481008FAFBC /* ParseUI.framework */,
			);
			name = Frameworks;
			sourceTree = "<group>";
		};
/* End PBXGroup section */

/* Begin PBXNativeTarget section */
		A94B04F81A810FAF008FAFBC /* Sit Fit */ = {
			isa = PBXNativeTarget;
			buildConfigurationList = A94B05181A810FAF008FAFBC /* Build configuration list for PBXNativeTarget "Sit Fit" */;
			buildPhases = (
				A94B04F51A810FAF008FAFBC /* Sources */,
				A94B04F61A810FAF008FAFBC /* Frameworks */,
				A94B04F71A810FAF008FAFBC /* Resources */,
			);
			buildRules = (
			);
			dependencies = (
			);
			name = "Sit Fit";
			productName = "Sit Fit";
			productReference = A94B04F91A810FAF008FAFBC /* Sit Fit.app */;
			productType = "com.apple.product-type.application";
		};
		A94B050D1A810FAF008FAFBC /* Sit FitTests */ = {
			isa = PBXNativeTarget;
			buildConfigurationList = A94B051B1A810FAF008FAFBC /* Build configuration list for PBXNativeTarget "Sit FitTests" */;
			buildPhases = (
				A94B050A1A810FAF008FAFBC /* Sources */,
				A94B050B1A810FAF008FAFBC /* Frameworks */,
				A94B050C1A810FAF008FAFBC /* Resources */,
			);
			buildRules = (
			);
			dependencies = (
				A94B05101A810FAF008FAFBC /* PBXTargetDependency */,
			);
			name = "Sit FitTests";
			productName = "Sit FitTests";
			productReference = A94B050E1A810FAF008FAFBC /* Sit FitTests.xctest */;
			productType = "com.apple.product-type.bundle.unit-test";
		};
/* End PBXNativeTarget section */

/* Begin PBXProject section */
		A94B04F11A810FAF008FAFBC /* Project object */ = {
			isa = PBXProject;
			attributes = {
				LastUpgradeCheck = 0610;
				ORGANIZATIONNAME = "Jo Albright";
				TargetAttributes = {
					A94B04F81A810FAF008FAFBC = {
						CreatedOnToolsVersion = 6.1.1;
					};
					A94B050D1A810FAF008FAFBC = {
						CreatedOnToolsVersion = 6.1.1;
						TestTargetID = A94B04F81A810FAF008FAFBC;
					};
				};
			};
			buildConfigurationList = A94B04F41A810FAF008FAFBC /* Build configuration list for PBXProject "Sit Fit" */;
			compatibilityVersion = "Xcode 3.2";
			developmentRegion = English;
			hasScannedForEncodings = 0;
			knownRegions = (
				en,
				Base,
			);
			mainGroup = A94B04F01A810FAF008FAFBC;
			productRefGroup = A94B04FA1A810FAF008FAFBC /* Products */;
			projectDirPath = "";
			projectRoot = "";
			targets = (
				A94B04F81A810FAF008FAFBC /* Sit Fit */,
				A94B050D1A810FAF008FAFBC /* Sit FitTests */,
			);
		};
/* End PBXProject section */

/* Begin PBXResourcesBuildPhase section */
		A94B04F71A810FAF008FAFBC /* Resources */ = {
			isa = PBXResourcesBuildPhase;
			buildActionMask = 2147483647;
			files = (
				A94B05221A811763008FAFBC /* NewSeat.storyboard in Resources */,
				A94B05041A810FAF008FAFBC /* Main.storyboard in Resources */,
				A94B05091A810FAF008FAFBC /* LaunchScreen.xib in Resources */,
				A94B05061A810FAF008FAFBC /* Images.xcassets in Resources */,
			);
			runOnlyForDeploymentPostprocessing = 0;
		};
		A94B050C1A810FAF008FAFBC /* Resources */ = {
			isa = PBXResourcesBuildPhase;
			buildActionMask = 2147483647;
			files = (
			);
			runOnlyForDeploymentPostprocessing = 0;
		};
/* End PBXResourcesBuildPhase section */

/* Begin PBXSourcesBuildPhase section */
		A94B04F51A810FAF008FAFBC /* Sources */ = {
			isa = PBXSourcesBuildPhase;
			buildActionMask = 2147483647;
			files = (
				A91B4B5B1A83CF32001A0427 /* FourSquareRequest.swift in Sources */,
				A91B4B591A83B40F001A0427 /* FeedCell.swift in Sources */,
				A94B05011A810FAF008FAFBC /* LoginViewController.swift in Sources */,
				A99D76611A83FB0E00D4011A /* MapViewController.swift in Sources */,
				A94B05281A81313D008FAFBC /* MyFeedTableViewController.swift in Sources */,
				A94B04FF1A810FAF008FAFBC /* AppDelegate.swift in Sources */,
				A91B4B561A815B75001A0427 /* FeedData.swift in Sources */,
				A94B052A1A815208008FAFBC /* NewSeatViewController.swift in Sources */,
				A94B05261A813101008FAFBC /* FeedTableViewController.swift in Sources */,
				A91B4B5D1A83CFBB001A0427 /* VenuesTableViewController.swift in Sources */,
			);
			runOnlyForDeploymentPostprocessing = 0;
		};
		A94B050A1A810FAF008FAFBC /* Sources */ = {
			isa = PBXSourcesBuildPhase;
			buildActionMask = 2147483647;
			files = (
				A94B05151A810FAF008FAFBC /* Sit_FitTests.swift in Sources */,
			);
			runOnlyForDeploymentPostprocessing = 0;
		};
/* End PBXSourcesBuildPhase section */

/* Begin PBXTargetDependency section */
		A94B05101A810FAF008FAFBC /* PBXTargetDependency */ = {
			isa = PBXTargetDependency;
			target = A94B04F81A810FAF008FAFBC /* Sit Fit */;
			targetProxy = A94B050F1A810FAF008FAFBC /* PBXContainerItemProxy */;
		};
/* End PBXTargetDependency section */

/* Begin PBXVariantGroup section */
		A94B05021A810FAF008FAFBC /* Main.storyboard */ = {
			isa = PBXVariantGroup;
			children = (
				A94B05031A810FAF008FAFBC /* Base */,
			);
			name = Main.storyboard;
			sourceTree = "<group>";
		};
		A94B05071A810FAF008FAFBC /* LaunchScreen.xib */ = {
			isa = PBXVariantGroup;
			children = (
				A94B05081A810FAF008FAFBC /* Base */,
			);
			name = LaunchScreen.xib;
			sourceTree = "<group>";
		};
		A94B05201A811763008FAFBC /* NewSeat.storyboard */ = {
			isa = PBXVariantGroup;
			children = (
				A94B05211A811763008FAFBC /* Base */,
			);
			name = NewSeat.storyboard;
			sourceTree = "<group>";
		};
/* End PBXVariantGroup section */

/* Begin XCBuildConfiguration section */
		A94B05161A810FAF008FAFBC /* Debug */ = {
			isa = XCBuildConfiguration;
			buildSettings = {
				ALWAYS_SEARCH_USER_PATHS = NO;
				CLANG_CXX_LANGUAGE_STANDARD = "gnu++0x";
				CLANG_CXX_LIBRARY = "libc++";
				CLANG_ENABLE_MODULES = YES;
				CLANG_ENABLE_OBJC_ARC = YES;
				CLANG_WARN_BOOL_CONVERSION = YES;
				CLANG_WARN_CONSTANT_CONVERSION = YES;
				CLANG_WARN_DIRECT_OBJC_ISA_USAGE = YES_ERROR;
				CLANG_WARN_EMPTY_BODY = YES;
				CLANG_WARN_ENUM_CONVERSION = YES;
				CLANG_WARN_INT_CONVERSION = YES;
				CLANG_WARN_OBJC_ROOT_CLASS = YES_ERROR;
				CLANG_WARN_UNREACHABLE_CODE = YES;
				CLANG_WARN__DUPLICATE_METHOD_MATCH = YES;
				"CODE_SIGN_IDENTITY[sdk=iphoneos*]" = "iPhone Developer";
				COPY_PHASE_STRIP = NO;
				ENABLE_STRICT_OBJC_MSGSEND = YES;
				GCC_C_LANGUAGE_STANDARD = gnu99;
				GCC_DYNAMIC_NO_PIC = NO;
				GCC_OPTIMIZATION_LEVEL = 0;
				GCC_PREPROCESSOR_DEFINITIONS = (
					"DEBUG=1",
					"$(inherited)",
				);
				GCC_SYMBOLS_PRIVATE_EXTERN = NO;
				GCC_WARN_64_TO_32_BIT_CONVERSION = YES;
				GCC_WARN_ABOUT_RETURN_TYPE = YES_ERROR;
				GCC_WARN_UNDECLARED_SELECTOR = YES;
				GCC_WARN_UNINITIALIZED_AUTOS = YES_AGGRESSIVE;
				GCC_WARN_UNUSED_FUNCTION = YES;
				GCC_WARN_UNUSED_VARIABLE = YES;
				IPHONEOS_DEPLOYMENT_TARGET = 8.1;
				MTL_ENABLE_DEBUG_INFO = YES;
				ONLY_ACTIVE_ARCH = YES;
				SDKROOT = iphoneos;
				SWIFT_OPTIMIZATION_LEVEL = "-Onone";
			};
			name = Debug;
		};
		A94B05171A810FAF008FAFBC /* Release */ = {
			isa = XCBuildConfiguration;
			buildSettings = {
				ALWAYS_SEARCH_USER_PATHS = NO;
				CLANG_CXX_LANGUAGE_STANDARD = "gnu++0x";
				CLANG_CXX_LIBRARY = "libc++";
				CLANG_ENABLE_MODULES = YES;
				CLANG_ENABLE_OBJC_ARC = YES;
				CLANG_WARN_BOOL_CONVERSION = YES;
				CLANG_WARN_CONSTANT_CONVERSION = YES;
				CLANG_WARN_DIRECT_OBJC_ISA_USAGE = YES_ERROR;
				CLANG_WARN_EMPTY_BODY = YES;
				CLANG_WARN_ENUM_CONVERSION = YES;
				CLANG_WARN_INT_CONVERSION = YES;
				CLANG_WARN_OBJC_ROOT_CLASS = YES_ERROR;
				CLANG_WARN_UNREACHABLE_CODE = YES;
				CLANG_WARN__DUPLICATE_METHOD_MATCH = YES;
				"CODE_SIGN_IDENTITY[sdk=iphoneos*]" = "iPhone Developer";
				COPY_PHASE_STRIP = YES;
				ENABLE_NS_ASSERTIONS = NO;
				ENABLE_STRICT_OBJC_MSGSEND = YES;
				GCC_C_LANGUAGE_STANDARD = gnu99;
				GCC_WARN_64_TO_32_BIT_CONVERSION = YES;
				GCC_WARN_ABOUT_RETURN_TYPE = YES_ERROR;
				GCC_WARN_UNDECLARED_SELECTOR = YES;
				GCC_WARN_UNINITIALIZED_AUTOS = YES_AGGRESSIVE;
				GCC_WARN_UNUSED_FUNCTION = YES;
				GCC_WARN_UNUSED_VARIABLE = YES;
				IPHONEOS_DEPLOYMENT_TARGET = 8.1;
				MTL_ENABLE_DEBUG_INFO = NO;
				SDKROOT = iphoneos;
				VALIDATE_PRODUCT = YES;
			};
			name = Release;
		};
		A94B05191A810FAF008FAFBC /* Debug */ = {
			isa = XCBuildConfiguration;
			buildSettings = {
				ASSETCATALOG_COMPILER_APPICON_NAME = AppIcon;
				CLANG_ENABLE_MODULES = YES;
				FRAMEWORK_SEARCH_PATHS = (
					"$(inherited)",
					"$(PROJECT_DIR)",
				);
				INFOPLIST_FILE = "Sit Fit/Info.plist";
				LD_RUNPATH_SEARCH_PATHS = "$(inherited) @executable_path/Frameworks";
				PRODUCT_NAME = "$(TARGET_NAME)";
				SWIFT_OBJC_BRIDGING_HEADER = "Sit Fit/Sit Fit-Bridging-Header.h";
				SWIFT_OPTIMIZATION_LEVEL = "-Onone";
			};
			name = Debug;
		};
		A94B051A1A810FAF008FAFBC /* Release */ = {
			isa = XCBuildConfiguration;
			buildSettings = {
				ASSETCATALOG_COMPILER_APPICON_NAME = AppIcon;
				CLANG_ENABLE_MODULES = YES;
				FRAMEWORK_SEARCH_PATHS = (
					"$(inherited)",
					"$(PROJECT_DIR)",
				);
				INFOPLIST_FILE = "Sit Fit/Info.plist";
				LD_RUNPATH_SEARCH_PATHS = "$(inherited) @executable_path/Frameworks";
				PRODUCT_NAME = "$(TARGET_NAME)";
				SWIFT_OBJC_BRIDGING_HEADER = "Sit Fit/Sit Fit-Bridging-Header.h";
			};
			name = Release;
		};
		A94B051C1A810FAF008FAFBC /* Debug */ = {
			isa = XCBuildConfiguration;
			buildSettings = {
				BUNDLE_LOADER = "$(TEST_HOST)";
				FRAMEWORK_SEARCH_PATHS = (
					"$(SDKROOT)/Developer/Library/Frameworks",
					"$(inherited)",
				);
				GCC_PREPROCESSOR_DEFINITIONS = (
					"DEBUG=1",
					"$(inherited)",
				);
				INFOPLIST_FILE = "Sit FitTests/Info.plist";
				LD_RUNPATH_SEARCH_PATHS = "$(inherited) @executable_path/Frameworks @loader_path/Frameworks";
				PRODUCT_NAME = "$(TARGET_NAME)";
				TEST_HOST = "$(BUILT_PRODUCTS_DIR)/Sit Fit.app/Sit Fit";
			};
			name = Debug;
		};
		A94B051D1A810FAF008FAFBC /* Release */ = {
			isa = XCBuildConfiguration;
			buildSettings = {
				BUNDLE_LOADER = "$(TEST_HOST)";
				FRAMEWORK_SEARCH_PATHS = (
					"$(SDKROOT)/Developer/Library/Frameworks",
					"$(inherited)",
				);
				INFOPLIST_FILE = "Sit FitTests/Info.plist";
				LD_RUNPATH_SEARCH_PATHS = "$(inherited) @executable_path/Frameworks @loader_path/Frameworks";
				PRODUCT_NAME = "$(TARGET_NAME)";
				TEST_HOST = "$(BUILT_PRODUCTS_DIR)/Sit Fit.app/Sit Fit";
			};
			name = Release;
		};
/* End XCBuildConfiguration section */

/* Begin XCConfigurationList section */
		A94B04F41A810FAF008FAFBC /* Build configuration list for PBXProject "Sit Fit" */ = {
			isa = XCConfigurationList;
			buildConfigurations = (
				A94B05161A810FAF008FAFBC /* Debug */,
				A94B05171A810FAF008FAFBC /* Release */,
			);
			defaultConfigurationIsVisible = 0;
			defaultConfigurationName = Release;
		};
		A94B05181A810FAF008FAFBC /* Build configuration list for PBXNativeTarget "Sit Fit" */ = {
			isa = XCConfigurationList;
			buildConfigurations = (
				A94B05191A810FAF008FAFBC /* Debug */,
				A94B051A1A810FAF008FAFBC /* Release */,
			);
			defaultConfigurationIsVisible = 0;
			defaultConfigurationName = Release;
		};
		A94B051B1A810FAF008FAFBC /* Build configuration list for PBXNativeTarget "Sit FitTests" */ = {
			isa = XCConfigurationList;
			buildConfigurations = (
				A94B051C1A810FAF008FAFBC /* Debug */,
				A94B051D1A810FAF008FAFBC /* Release */,
			);
			defaultConfigurationIsVisible = 0;
			defaultConfigurationName = Release;
		};
/* End XCConfigurationList section */
	};
	rootObject = A94B04F11A810FAF008FAFBC /* Project object */;
}
